
Microsoft Visual Studio Solution File, Format Version 12.00
# Visual Studio 2015
Project("{FAE04EC0-301F-11D3-BF4B-00C04F79EFBC}") = "ARDemo.CSharp", "ARDemo.CSharp.csproj", "{40F1634C-1448-E682-C6E5-49EE6C3AFF4F}"
EndProject
Project("{FAE04EC0-301F-11D3-BF4B-00C04F79EFBC}") = "ARDemo.CSharp.Editor", "ARDemo.CSharp.Editor.csproj", "{CEE5EC48-D826-CB6B-FC35-D3622B50CA99}"
EndProject
Global
	GlobalSection(SolutionConfigurationPlatforms) = preSolution
		Debug|Any CPU = Debug|Any CPU
		Release|Any CPU = Release|Any CPU
	EndGlobalSection
	GlobalSection(ProjectConfigurationPlatforms) = postSolution
		{40F1634C-1448-E682-C6E5-49EE6C3AFF4F}.Debug|Any CPU.ActiveCfg = Debug|Any CPU
		{40F1634C-1448-E682-C6E5-49EE6C3AFF4F}.Debug|Any CPU.Build.0 = Debug|Any CPU
		{40F1634C-1448-E682-C6E5-49EE6C3AFF4F}.Release|Any CPU.ActiveCfg = Release|Any CPU
		{40F1634C-1448-E682-C6E5-49EE6C3AFF4F}.Release|Any CPU.Build.0 = Release|Any CPU
		{CEE5EC48-D826-CB6B-FC35-D3622B50CA99}.Debug|Any CPU.ActiveCfg = Debug|Any CPU
		{CEE5EC48-D826-CB6B-FC35-D3622B50CA99}.Debug|Any CPU.Build.0 = Debug|Any CPU
		{CEE5EC48-D826-CB6B-FC35-D3622B50CA99}.Release|Any CPU.ActiveCfg = Release|Any CPU
		{CEE5EC48-D826-CB6B-FC35-D3622B50CA99}.Release|Any CPU.Build.0 = Release|Any CPU
	EndGlobalSection
	GlobalSection(SolutionProperties) = preSolution
		HideSolutionNode = FALSE
	EndGlobalSection
EndGlobal
